
Microsoft Visual Studio Solution File, Format Version 12.00
# Visual Studio Version 17
VisualStudioVersion = 17.5.002.0
MinimumVisualStudioVersion = 10.0.40219.1
Project("{9A19103F-16F7-4668-BE54-9A1E7A4F7556}") = "src/OctoWaddle", ".\src\OctoWaddle.csproj", "{9C28B620-5584-4A74-9BE7-8DEFA1FCC90F}"
EndProject
Project("{2150E333-8FDC-42A3-9474-1A3956D46DE8}") = "test", "test", "{2C614655-2A15-4539-A94B-0D7926DA7E84}"
EndProject
Project("{FAE04EC0-301F-11D3-BF4B-00C04F79EFBC}") = "OctoWaddle.Tests", "test\OctoWaddle.Tests\OctoWaddle.Tests.csproj", "{0DA3E04F-1708-45F5-9D64-1DB2F26CA730}"
EndProject
Global
	GlobalSection(SolutionConfigurationPlatforms) = preSolution
		Debug|Any CPU = Debug|Any CPU
		Release|Any CPU = Release|Any CPU
	EndGlobalSection
	GlobalSection(ProjectConfigurationPlatforms) = postSolution
		{9C28B620-5584-4A74-9BE7-8DEFA1FCC90F}.Debug|Any CPU.ActiveCfg = Debug|Any CPU
		{9C28B620-5584-4A74-9BE7-8DEFA1FCC90F}.Debug|Any CPU.Build.0 = Debug|Any CPU
		{9C28B620-5584-4A74-9BE7-8DEFA1FCC90F}.Release|Any CPU.ActiveCfg = Release|Any CPU
		{9C28B620-5584-4A74-9BE7-8DEFA1FCC90F}.Release|Any CPU.Build.0 = Release|Any CPU
		{0DA3E04F-1708-45F5-9D64-1DB2F26CA730}.Debug|Any CPU.ActiveCfg = Debug|Any CPU
		{0DA3E04F-1708-45F5-9D64-1DB2F26CA730}.Debug|Any CPU.Build.0 = Debug|Any CPU
		{0DA3E04F-1708-45F5-9D64-1DB2F26CA730}.Release|Any CPU.ActiveCfg = Release|Any CPU
		{0DA3E04F-1708-45F5-9D64-1DB2F26CA730}.Release|Any CPU.Build.0 = Release|Any CPU
	EndGlobalSection
	GlobalSection(SolutionProperties) = preSolution
		HideSolutionNode = FALSE
	EndGlobalSection
	GlobalSection(ExtensibilityGlobals) = postSolution
		SolutionGuid = {2A03F2AA-0E3E-4B6F-8575-C7F40B28FF7C}
	EndGlobalSection
	GlobalSection(NestedProjects) = preSolution
		{0DA3E04F-1708-45F5-9D64-1DB2F26CA730} = {2C614655-2A15-4539-A94B-0D7926DA7E84}
	EndGlobalSection
EndGlobal
